github.com/absfs/absfs v0.9.0 h1:x4QElpUqVRhflmLAMgOazqhxH2n4nBBht+SfryzZbSs=
github.com/absfs/absfs v0.9.0/go.mod h1:IvFD36FQcMxLLZNhs2Lms+Uosc0G3AJ2JHOJIz8E5d8=
github.com/absfs/fstesting v0.9.0 h1:5VPoLUSP2lOrg57rdZO/q2x4Nx2rrR/wE2y0cg9Kr8s=
github.com/absfs/fstesting v0.9.0/go.mod h1:e9OmRhh5gt6A+dRQY6o2OM7LbLHPS6TIEM9uRZjUwlo=
github.com/absfs/fstools v0.9.0 h1:z0A936eqn6ST16HbvXnAGZNX29xSiMO7N6kr6bBQybA=
github.com/absfs/fstools v0.9.0/go.mod h1:0NmPMxDcGtFWfp4f1RA5mky0WgfC8z3GZrx1w6oowo0=
github.com/absfs/inode v0.9.0 h1:v0Y7kZOB57RAGmVcYZ33gJ3TbOXrQ82NBmpj0AsPqSA=
github.com/absfs/inode v0.9.0/go.mod h1:98Uz4QOknMBXXWwXUIs2TzSwuz+9mbSAKASbwF1eld8=
github.com/absfs/memfs v0.9.0 h1:dprKcgMdtSFBcpTlZjneUyDu9mTFBrCWoEYgcAjSIJw=
github.com/absfs/memfs v0.9.0/go.mod h1:C5qJ+pjyoT+JdTExWWwUCEAzO/5AoGPN74AnNnAUlMU=
github.com/absfs/osfs v0.9.0 h1:GDoxrpxh5bIL5u2yofYCn6mmqc/TtF3YFwIgnnVfDVE=
github.com/absfs/osfs v0.9.0/go.mod h1:fXKy1WcPumwU78CxThKGOdAgs3kErSacCzfr1H3d+48=
